
Microsoft Visual Studio Solution File, Format Version 12.00
# Visual Studio 15
VisualStudioVersion = 15.0.27130.2010
MinimumVisualStudioVersion = 10.0.40219.1
Project("{FAE04EC0-301F-11D3-BF4B-00C04F79EFBC}") = "HelloWorld", "HelloWorld.csproj", "{EEC8AE99-D917-4CAE-AD96-9C2CD1D295AF}"
EndProject
Global
	GlobalSection(SolutionConfigurationPlatforms) = preSolution
		Debug|Any CPU = Debug|Any CPU
		Release|Any CPU = Release|Any CPU
	EndGlobalSection
	GlobalSection(ProjectConfigurationPlatforms) = postSolution
		{EEC8AE99-D917-4CAE-AD96-9C2CD1D295AF}.Debug|Any CPU.ActiveCfg = Debug|Any CPU
		{EEC8AE99-D917-4CAE-AD96-9C2CD1D295AF}.Debug|Any CPU.Build.0 = Debug|Any CPU
		{EEC8AE99-D917-4CAE-AD96-9C2CD1D295AF}.Release|Any CPU.ActiveCfg = Release|Any CPU
		{EEC8AE99-D917-4CAE-AD96-9C2CD1D295AF}.Release|Any CPU.Build.0 = Release|Any CPU
	EndGlobalSection
	GlobalSection(SolutionProperties) = preSolution
		HideSolutionNode = FALSE
	EndGlobalSection
	GlobalSection(ExtensibilityGlobals) = postSolution
		SolutionGuid = {EB62D191-1115-471F-9C6E-C7B991D27D61}
	EndGlobalSection
EndGlobal
